// !$*UTF8*$!
{
	archiveVersion = 1;
	classes = {
	};
	objectVersion = 46;
	objects = {

/* Begin PBXBuildFile section */
		9621CD7A1CDACE5600816307 /* AppDelegate.swift in Sources */ = {isa = PBXBuildFile; fileRef = 9621CD791CDACE5600816307 /* AppDelegate.swift */; };
		9621CD7C1CDACE5600816307 /* ViewController.swift in Sources */ = {isa = PBXBuildFile; fileRef = 9621CD7B1CDACE5600816307 /* ViewController.swift */; };
		9621CD7F1CDACE5600816307 /* Main.storyboard in Resources */ = {isa = PBXBuildFile; fileRef = 9621CD7D1CDACE5600816307 /* Main.storyboard */; };
		9621CD811CDACE5600816307 /* Assets.xcassets in Resources */ = {isa = PBXBuildFile; fileRef = 9621CD801CDACE5600816307 /* Assets.xcassets */; };
		9621CD841CDACE5600816307 /* LaunchScreen.storyboard in Resources */ = {isa = PBXBuildFile; fileRef = 9621CD821CDACE5600816307 /* LaunchScreen.storyboard */; };
		9621CD8F1CDACE5600816307 /* AlexaGarageTests.swift in Sources */ = {isa = PBXBuildFile; fileRef = 9621CD8E1CDACE5600816307 /* AlexaGarageTests.swift */; };
		9621CD9A1CDACE5600816307 /* AlexaGarageUITests.swift in Sources */ = {isa = PBXBuildFile; fileRef = 9621CD991CDACE5600816307 /* AlexaGarageUITests.swift */; };
/* End PBXBuildFile section */

/* Begin PBXContainerItemProxy section */
		9621CD8B1CDACE5600816307 /* PBXContainerItemProxy */ = {
			isa = PBXContainerItemProxy;
			containerPortal = 9621CD6E1CDACE5600816307 /* Project object */;
			proxyType = 1;
			remoteGlobalIDString = 9621CD751CDACE5600816307;
			remoteInfo = AlexaGarage;
		};
		9621CD961CDACE5600816307 /* PBXContainerItemProxy */ = {
			isa = PBXContainerItemProxy;
			containerPortal = 9621CD6E1CDACE5600816307 /* Project object */;
			proxyType = 1;
			remoteGlobalIDString = 9621CD751CDACE5600816307;
			remoteInfo = AlexaGarage;
		};
/* End PBXContainerItemProxy section */

/* Begin PBXFileReference section */
		9621CD761CDACE5600816307 /* AlexaGarage.app */ = {isa = PBXFileReference; explicitFileType = wrapper.application; includeInIndex = 0; path = AlexaGarage.app; sourceTree = BUILT_PRODUCTS_DIR; };
		9621CD791CDACE5600816307 /* AppDelegate.swift */ = {isa = PBXFileReference; lastKnownFileType = sourcecode.swift; path = AppDelegate.swift; sourceTree = "<group>"; };
		9621CD7B1CDACE5600816307 /* ViewController.swift */ = {isa = PBXFileReference; lastKnownFileType = sourcecode.swift; path = ViewController.swift; sourceTree = "<group>"; };
		9621CD7E1CDACE5600816307 /* Base */ = {isa = PBXFileReference; lastKnownFileType = file.storyboard; name = Base; path = Base.lproj/Main.storyboard; sourceTree = "<group>"; };
		9621CD801CDACE5600816307 /* Assets.xcassets */ = {isa = PBXFileReference; lastKnownFileType = folder.assetcatalog; path = Assets.xcassets; sourceTree = "<group>"; };
		9621CD831CDACE5600816307 /* Base */ = {isa = PBXFileReference; lastKnownFileType = file.storyboard; name = Base; path = Base.lproj/LaunchScreen.storyboard; sourceTree = "<group>"; };
		9621CD851CDACE5600816307 /* Info.plist */ = {isa = PBXFileReference; lastKnownFileType = text.plist.xml; path = Info.plist; sourceTree = "<group>"; };
		9621CD8A1CDACE5600816307 /* AlexaGarageTests.xctest */ = {isa = PBXFileReference; explicitFileType = wrapper.cfbundle; includeInIndex = 0; path = AlexaGarageTests.xctest; sourceTree = BUILT_PRODUCTS_DIR; };
		9621CD8E1CDACE5600816307 /* AlexaGarageTests.swift */ = {isa = PBXFileReference; lastKnownFileType = sourcecode.swift; path = AlexaGarageTests.swift; sourceTree = "<group>"; };
		9621CD901CDACE5600816307 /* Info.plist */ = {isa = PBXFileReference; lastKnownFileType = text.plist.xml; path = Info.plist; sourceTree = "<group>"; };
		9621CD951CDACE5600816307 /* AlexaGarageUITests.xctest */ = {isa = PBXFileReference; explicitFileType = wrapper.cfbundle; includeInIndex = 0; path = AlexaGarageUITests.xctest; sourceTree = BUILT_PRODUCTS_DIR; };
		9621CD991CDACE5600816307 /* AlexaGarageUITests.swift */ = {isa = PBXFileReference; lastKnownFileType = sourcecode.swift; path = AlexaGarageUITests.swift; sourceTree = "<group>"; };
		9621CD9B1CDACE5600816307 /* Info.plist */ = {isa = PBXFileReference; lastKnownFileType = text.plist.xml; path = Info.plist; sourceTree = "<group>"; };
/* End PBXFileReference section */

/* Begin PBXFrameworksBuildPhase section */
		9621CD731CDACE5600816307 /* Frameworks */ = {
			isa = PBXFrameworksBuildPhase;
			buildActionMask = 2147483647;
			files = (
			);
			runOnlyForDeploymentPostprocessing = 0;
		};
		9621CD871CDACE5600816307 /* Frameworks */ = {
			isa = PBXFrameworksBuildPhase;
			buildActionMask = 2147483647;
			files = (
			);
			runOnlyForDeploymentPostprocessing = 0;
		};
		9621CD921CDACE5600816307 /* Frameworks */ = {
			isa = PBXFrameworksBuildPhase;
			buildActionMask = 2147483647;
			files = (
			);
			runOnlyForDeploymentPostprocessing = 0;
		};
/* End PBXFrameworksBuildPhase section */

/* Begin PBXGroup section */
		9621CD6D1CDACE5600816307 = {
			isa = PBXGroup;
			children = (
				9621CD781CDACE5600816307 /* AlexaGarage */,
				9621CD8D1CDACE5600816307 /* AlexaGarageTests */,
				9621CD981CDACE5600816307 /* AlexaGarageUITests */,
				9621CD771CDACE5600816307 /* Products */,
			);
			sourceTree = "<group>";
		};
		9621CD771CDACE5600816307 /* Products */ = {
			isa = PBXGroup;
			children = (
				9621CD761CDACE5600816307 /* AlexaGarage.app */,
				9621CD8A1CDACE5600816307 /* AlexaGarageTests.xctest */,
				9621CD951CDACE5600816307 /* AlexaGarageUITests.xctest */,
			);
			name = Products;
			sourceTree = "<group>";
		};
		9621CD781CDACE5600816307 /* AlexaGarage */ = {
			isa = PBXGroup;
			children = (
				9621CD791CDACE5600816307 /* AppDelegate.swift */,
				9621CD7B1CDACE5600816307 /* ViewController.swift */,
				9621CD7D1CDACE5600816307 /* Main.storyboard */,
				9621CD801CDACE5600816307 /* Assets.xcassets */,
				9621CD821CDACE5600816307 /* LaunchScreen.storyboard */,
				9621CD851CDACE5600816307 /* Info.plist */,
			);
			path = AlexaGarage;
			sourceTree = "<group>";
		};
		9621CD8D1CDACE5600816307 /* AlexaGarageTests */ = {
			isa = PBXGroup;
			children = (
				9621CD8E1CDACE5600816307 /* AlexaGarageTests.swift */,
				9621CD901CDACE5600816307 /* Info.plist */,
			);
			path = AlexaGarageTests;
			sourceTree = "<group>";
		};
		9621CD981CDACE5600816307 /* AlexaGarageUITests */ = {
			isa = PBXGroup;
			children = (
				9621CD991CDACE5600816307 /* AlexaGarageUITests.swift */,
				9621CD9B1CDACE5600816307 /* Info.plist */,
			);
			path = AlexaGarageUITests;
			sourceTree = "<group>";
		};
/* End PBXGroup section */

/* Begin PBXNativeTarget section */
		9621CD751CDACE5600816307 /* AlexaGarage */ = {
			isa = PBXNativeTarget;
			buildConfigurationList = 9621CD9E1CDACE5600816307 /* Build configuration list for PBXNativeTarget "AlexaGarage" */;
			buildPhases = (
				9621CD721CDACE5600816307 /* Sources */,
				9621CD731CDACE5600816307 /* Frameworks */,
				9621CD741CDACE5600816307 /* Resources */,
			);
			buildRules = (
			);
			dependencies = (
			);
			name = AlexaGarage;
			productName = AlexaGarage;
			productReference = 9621CD761CDACE5600816307 /* AlexaGarage.app */;
			productType = "com.apple.product-type.application";
		};
		9621CD891CDACE5600816307 /* AlexaGarageTests */ = {
			isa = PBXNativeTarget;
			buildConfigurationList = 9621CDA11CDACE5600816307 /* Build configuration list for PBXNativeTarget "AlexaGarageTests" */;
			buildPhases = (
				9621CD861CDACE5600816307 /* Sources */,
				9621CD871CDACE5600816307 /* Frameworks */,
				9621CD881CDACE5600816307 /* Resources */,
			);
			buildRules = (
			);
			dependencies = (
				9621CD8C1CDACE5600816307 /* PBXTargetDependency */,
			);
			name = AlexaGarageTests;
			productName = AlexaGarageTests;
			productReference = 9621CD8A1CDACE5600816307 /* AlexaGarageTests.xctest */;
			productType = "com.apple.product-type.bundle.unit-test";
		};
		9621CD941CDACE5600816307 /* AlexaGarageUITests */ = {
			isa = PBXNativeTarget;
			buildConfigurationList = 9621CDA41CDACE5600816307 /* Build configuration list for PBXNativeTarget "AlexaGarageUITests" */;
			buildPhases = (
				9621CD911CDACE5600816307 /* Sources */,
				9621CD921CDACE5600816307 /* Frameworks */,
				9621CD931CDACE5600816307 /* Resources */,
			);
			buildRules = (
			);
			dependencies = (
				9621CD971CDACE5600816307 /* PBXTargetDependency */,
			);
			name = AlexaGarageUITests;
			productName = AlexaGarageUITests;
			productReference = 9621CD951CDACE5600816307 /* AlexaGarageUITests.xctest */;
			productType = "com.apple.product-type.bundle.ui-testing";
		};
/* End PBXNativeTarget section */

/* Begin PBXProject section */
		9621CD6E1CDACE5600816307 /* Project object */ = {
			isa = PBXProject;
			attributes = {
				LastSwiftUpdateCheck = 0720;
				LastUpgradeCheck = 0720;
				ORGANIZATIONNAME = PilzArche;
				TargetAttributes = {
					9621CD751CDACE5600816307 = {
						CreatedOnToolsVersion = 7.2.1;
						DevelopmentTeam = AKU8LU4XTN;
					};
					9621CD891CDACE5600816307 = {
						CreatedOnToolsVersion = 7.2.1;
						TestTargetID = 9621CD751CDACE5600816307;
					};
					9621CD941CDACE5600816307 = {
						CreatedOnToolsVersion = 7.2.1;
						TestTargetID = 9621CD751CDACE5600816307;
					};
				};
			};
			buildConfigurationList = 9621CD711CDACE5600816307 /* Build configuration list for PBXProject "AlexaGarage" */;
			compatibilityVersion = "Xcode 3.2";
			developmentRegion = English;
			hasScannedForEncodings = 0;
			knownRegions = (
				en,
				Base,
			);
			mainGroup = 9621CD6D1CDACE5600816307;
			productRefGroup = 9621CD771CDACE5600816307 /* Products */;
			projectDirPath = "";
			projectRoot = "";
			targets = (
				9621CD751CDACE5600816307 /* AlexaGarage */,
				9621CD891CDACE5600816307 /* AlexaGarageTests */,
				9621CD941CDACE5600816307 /* AlexaGarageUITests */,
			);
		};
/* End PBXProject section */

/* Begin PBXResourcesBuildPhase section */
		9621CD741CDACE5600816307 /* Resources */ = {
			isa = PBXResourcesBuildPhase;
			buildActionMask = 2147483647;
			files = (
				9621CD841CDACE5600816307 /* LaunchScreen.storyboard in Resources */,
				9621CD811CDACE5600816307 /* Assets.xcassets in Resources */,
				9621CD7F1CDACE5600816307 /* Main.storyboard in Resources */,
			);
			runOnlyForDeploymentPostprocessing = 0;
		};
		9621CD881CDACE5600816307 /* Resources */ = {
			isa = PBXResourcesBuildPhase;
			buildActionMask = 2147483647;
			files = (
			);
			runOnlyForDeploymentPostprocessing = 0;
		};
		9621CD931CDACE5600816307 /* Resources */ = {
			isa = PBXResourcesBuildPhase;
			buildActionMask = 2147483647;
			files = (
			);
			runOnlyForDeploymentPostprocessing = 0;
		};
/* End PBXResourcesBuildPhase section */

/* Begin PBXSourcesBuildPhase section */
		9621CD721CDACE5600816307 /* Sources */ = {
			isa = PBXSourcesBuildPhase;
			buildActionMask = 2147483647;
			files = (
				9621CD7C1CDACE5600816307 /* ViewController.swift in Sources */,
				9621CD7A1CDACE5600816307 /* AppDelegate.swift in Sources */,
			);
			runOnlyForDeploymentPostprocessing = 0;
		};
		9621CD861CDACE5600816307 /* Sources */ = {
			isa = PBXSourcesBuildPhase;
			buildActionMask = 2147483647;
			files = (
				9621CD8F1CDACE5600816307 /* AlexaGarageTests.swift in Sources */,
			);
			runOnlyForDeploymentPostprocessing = 0;
		};
		9621CD911CDACE5600816307 /* Sources */ = {
			isa = PBXSourcesBuildPhase;
			buildActionMask = 2147483647;
			files = (
				9621CD9A1CDACE5600816307 /* AlexaGarageUITests.swift in Sources */,
			);
			runOnlyForDeploymentPostprocessing = 0;
		};
/* End PBXSourcesBuildPhase section */

/* Begin PBXTargetDependency section */
		9621CD8C1CDACE5600816307 /* PBXTargetDependency */ = {
			isa = PBXTargetDependency;
			target = 9621CD751CDACE5600816307 /* AlexaGarage */;
			targetProxy = 9621CD8B1CDACE5600816307 /* PBXContainerItemProxy */;
		};
		9621CD971CDACE5600816307 /* PBXTargetDependency */ = {
			isa = PBXTargetDependency;
			target = 9621CD751CDACE5600816307 /* AlexaGarage */;
			targetProxy = 9621CD961CDACE5600816307 /* PBXContainerItemProxy */;
		};
/* End PBXTargetDependency section */

/* Begin PBXVariantGroup section */
		9621CD7D1CDACE5600816307 /* Main.storyboard */ = {
			isa = PBXVariantGroup;
			children = (
				9621CD7E1CDACE5600816307 /* Base */,
			);
			name = Main.storyboard;
			sourceTree = "<group>";
		};
		9621CD821CDACE5600816307 /* LaunchScreen.storyboard */ = {
			isa = PBXVariantGroup;
			children = (
				9621CD831CDACE5600816307 /* Base */,
			);
			name = LaunchScreen.storyboard;
			sourceTree = "<group>";
		};
/* End PBXVariantGroup section */

/* Begin XCBuildConfiguration section */
		9621CD9C1CDACE5600816307 /* Debug */ = {
			isa = XCBuildConfiguration;
			buildSettings = {
				ALWAYS_SEARCH_USER_PATHS = NO;
				CLANG_CXX_LANGUAGE_STANDARD = "gnu++0x";
				CLANG_CXX_LIBRARY = "libc++";
				CLANG_ENABLE_MODULES = YES;
				CLANG_ENABLE_OBJC_ARC = YES;
				CLANG_WARN_BOOL_CONVERSION = YES;
				CLANG_WARN_CONSTANT_CONVERSION = YES;
				CLANG_WARN_DIRECT_OBJC_ISA_USAGE = YES_ERROR;
				CLANG_WARN_EMPTY_BODY = YES;
				CLANG_WARN_ENUM_CONVERSION = YES;
				CLANG_WARN_INT_CONVERSION = YES;
				CLANG_WARN_OBJC_ROOT_CLASS = YES_ERROR;
				CLANG_WARN_UNREACHABLE_CODE = YES;
				CLANG_WARN__DUPLICATE_METHOD_MATCH = YES;
				"CODE_SIGN_IDENTITY[sdk=iphoneos*]" = "iPhone Developer";
				COPY_PHASE_STRIP = NO;
				DEBUG_INFORMATION_FORMAT = dwarf;
				ENABLE_STRICT_OBJC_MSGSEND = YES;
				ENABLE_TESTABILITY = YES;
				GCC_C_LANGUAGE_STANDARD = gnu99;
				GCC_DYNAMIC_NO_PIC = NO;
				GCC_NO_COMMON_BLOCKS = YES;
				GCC_OPTIMIZATION_LEVEL = 0;
				GCC_PREPROCESSOR_DEFINITIONS = (
					"DEBUG=1",
					"$(inherited)",
				);
				GCC_WARN_64_TO_32_BIT_CONVERSION = YES;
				GCC_WARN_ABOUT_RETURN_TYPE = YES_ERROR;
				GCC_WARN_UNDECLARED_SELECTOR = YES;
				GCC_WARN_UNINITIALIZED_AUTOS = YES_AGGRESSIVE;
				GCC_WARN_UNUSED_FUNCTION = YES;
				GCC_WARN_UNUSED_VARIABLE = YES;
				IPHONEOS_DEPLOYMENT_TARGET = 9.2;
				MTL_ENABLE_DEBUG_INFO = YES;
				ONLY_ACTIVE_ARCH = YES;
				SDKROOT = iphoneos;
				SWIFT_OPTIMIZATION_LEVEL = "-Onone";
				TARGETED_DEVICE_FAMILY = "1,2";
			};
			name = Debug;
		};
		9621CD9D1CDACE5600816307 /* Release */ = {
			isa = XCBuildConfiguration;
			buildSettings = {
				ALWAYS_SEARCH_USER_PATHS = NO;
				CLANG_CXX_LANGUAGE_STANDARD = "gnu++0x";
				CLANG_CXX_LIBRARY = "libc++";
				CLANG_ENABLE_MODULES = YES;
				CLANG_ENABLE_OBJC_ARC = YES;
				CLANG_WARN_BOOL_CONVERSION = YES;
				CLANG_WARN_CONSTANT_CONVERSION = YES;
				CLANG_WARN_DIRECT_OBJC_ISA_USAGE = YES_ERROR;
				CLANG_WARN_EMPTY_BODY = YES;
				CLANG_WARN_ENUM_CONVERSION = YES;
				CLANG_WARN_INT_CONVERSION = YES;
				CLANG_WARN_OBJC_ROOT_CLASS = YES_ERROR;
				CLANG_WARN_UNREACHABLE_CODE = YES;
				CLANG_WARN__DUPLICATE_METHOD_MATCH = YES;
				"CODE_SIGN_IDENTITY[sdk=iphoneos*]" = "iPhone Developer";
				COPY_PHASE_STRIP = NO;
				DEBUG_INFORMATION_FORMAT = "dwarf-with-dsym";
				ENABLE_NS_ASSERTIONS = NO;
				ENABLE_STRICT_OBJC_MSGSEND = YES;
				GCC_C_LANGUAGE_STANDARD = gnu99;
				GCC_NO_COMMON_BLOCKS = YES;
				GCC_WARN_64_TO_32_BIT_CONVERSION = YES;
				GCC_WARN_ABOUT_RETURN_TYPE = YES_ERROR;
				GCC_WARN_UNDECLARED_SELECTOR = YES;
				GCC_WARN_UNINITIALIZED_AUTOS = YES_AGGRESSIVE;
				GCC_WARN_UNUSED_FUNCTION = YES;
				GCC_WARN_UNUSED_VARIABLE = YES;
				IPHONEOS_DEPLOYMENT_TARGET = 9.2;
				MTL_ENABLE_DEBUG_INFO = NO;
				SDKROOT = iphoneos;
				TARGETED_DEVICE_FAMILY = "1,2";
				VALIDATE_PRODUCT = YES;
			};
			name = Release;
		};
		9621CD9F1CDACE5600816307 /* Debug */ = {
			isa = XCBuildConfiguration;
			buildSettings = {
				ASSETCATALOG_COMPILER_APPICON_NAME = AppIcon;
				CODE_SIGN_IDENTITY = "iPhone Developer";
				"CODE_SIGN_IDENTITY[sdk=iphoneos*]" = "iPhone Developer";
				INFOPLIST_FILE = AlexaGarage/Info.plist;
				LD_RUNPATH_SEARCH_PATHS = "$(inherited) @executable_path/Frameworks";
				PRODUCT_BUNDLE_IDENTIFIER = com.PilzArche.AlexaGarage;
				PRODUCT_NAME = "$(TARGET_NAME)";
				PROVISIONING_PROFILE = "";
			};
			name = Debug;
		};
		9621CDA01CDACE5600816307 /* Release */ = {
			isa = XCBuildConfiguration;
			buildSettings = {
				ASSETCATALOG_COMPILER_APPICON_NAME = AppIcon;
				CODE_SIGN_IDENTITY = "iPhone Developer";
				"CODE_SIGN_IDENTITY[sdk=iphoneos*]" = "iPhone Developer";
				INFOPLIST_FILE = AlexaGarage/Info.plist;
				LD_RUNPATH_SEARCH_PATHS = "$(inherited) @executable_path/Frameworks";
				PRODUCT_BUNDLE_IDENTIFIER = com.PilzArche.AlexaGarage;
				PRODUCT_NAME = "$(TARGET_NAME)";
				PROVISIONING_PROFILE = "";
			};
			name = Release;
		};
		9621CDA21CDACE5600816307 /* Debug */ = {
			isa = XCBuildConfiguration;
			buildSettings = {
				BUNDLE_LOADER = "$(TEST_HOST)";
				INFOPLIST_FILE = AlexaGarageTests/Info.plist;
				LD_RUNPATH_SEARCH_PATHS = "$(inherited) @executable_path/Frameworks @loader_path/Frameworks";
				PRODUCT_BUNDLE_IDENTIFIER = com.PilzArche.AlexaGarageTests;
				PRODUCT_NAME = "$(TARGET_NAME)";
				TEST_HOST = "$(BUILT_PRODUCTS_DIR)/AlexaGarage.app/AlexaGarage";
			};
			name = Debug;
		};
		9621CDA31CDACE5600816307 /* Release */ = {
			isa = XCBuildConfiguration;
			buildSettings = {
				BUNDLE_LOADER = "$(TEST_HOST)";
				INFOPLIST_FILE = AlexaGarageTests/Info.plist;
				LD_RUNPATH_SEARCH_PATHS = "$(inherited) @executable_path/Frameworks @loader_path/Frameworks";
				PRODUCT_BUNDLE_IDENTIFIER = com.PilzArche.AlexaGarageTests;
				PRODUCT_NAME = "$(TARGET_NAME)";
				TEST_HOST = "$(BUILT_PRODUCTS_DIR)/AlexaGarage.app/AlexaGarage";
			};
			name = Release;
		};
		9621CDA51CDACE5600816307 /* Debug */ = {
			isa = XCBuildConfiguration;
			buildSettings = {
				INFOPLIST_FILE = AlexaGarageUITests/Info.plist;
				LD_RUNPATH_SEARCH_PATHS = "$(inherited) @executable_path/Frameworks @loader_path/Frameworks";
				PRODUCT_BUNDLE_IDENTIFIER = com.PilzArche.AlexaGarageUITests;
				PRODUCT_NAME = "$(TARGET_NAME)";
				TEST_TARGET_NAME = AlexaGarage;
				USES_XCTRUNNER = YES;
			};
			name = Debug;
		};
		9621CDA61CDACE5600816307 /* Release */ = {
			isa = XCBuildConfiguration;
			buildSettings = {
				INFOPLIST_FILE = AlexaGarageUITests/Info.plist;
				LD_RUNPATH_SEARCH_PATHS = "$(inherited) @executable_path/Frameworks @loader_path/Frameworks";
				PRODUCT_BUNDLE_IDENTIFIER = com.PilzArche.AlexaGarageUITests;
				PRODUCT_NAME = "$(TARGET_NAME)";
				TEST_TARGET_NAME = AlexaGarage;
				USES_XCTRUNNER = YES;
			};
			name = Release;
		};
/* End XCBuildConfiguration section */

/* Begin XCConfigurationList section */
		9621CD711CDACE5600816307 /* Build configuration list for PBXProject "AlexaGarage" */ = {
			isa = XCConfigurationList;
			buildConfigurations = (
				9621CD9C1CDACE5600816307 /* Debug */,
				9621CD9D1CDACE5600816307 /* Release */,
			);
			defaultConfigurationIsVisible = 0;
			defaultConfigurationName = Release;
		};
		9621CD9E1CDACE5600816307 /* Build configuration list for PBXNativeTarget "AlexaGarage" */ = {
			isa = XCConfigurationList;
			buildConfigurations = (
				9621CD9F1CDACE5600816307 /* Debug */,
				9621CDA01CDACE5600816307 /* Release */,
			);
			defaultConfigurationIsVisible = 0;
		};
		9621CDA11CDACE5600816307 /* Build configuration list for PBXNativeTarget "AlexaGarageTests" */ = {
			isa = XCConfigurationList;
			buildConfigurations = (
				9621CDA21CDACE5600816307 /* Debug */,
				9621CDA31CDACE5600816307 /* Release */,
			);
			defaultConfigurationIsVisible = 0;
		};
		9621CDA41CDACE5600816307 /* Build configuration list for PBXNativeTarget "AlexaGarageUITests" */ = {
			isa = XCConfigurationList;
			buildConfigurations = (
				9621CDA51CDACE5600816307 /* Debug */,
				9621CDA61CDACE5600816307 /* Release */,
			);
			defaultConfigurationIsVisible = 0;
		};
/* End XCConfigurationList section */
	};
	rootObject = 9621CD6E1CDACE5600816307 /* Project object */;
}
